
Microsoft Visual Studio Solution File, Format Version 12.00
# Visual Studio Version 17
VisualStudioVersion = 17.12.35527.113 d17.12
MinimumVisualStudioVersion = 10.0.40219.1
Project("{FAE04EC0-301F-11D3-BF4B-00C04F79EFBC}") = "primeiroprojetoti48", "primeiroprojetoti48\primeiroprojetoti48.csproj", "{F3983F6B-B63D-44AE-B44E-8D2A49AE3EFC}"
EndProject
Global
	GlobalSection(SolutionConfigurationPlatforms) = preSolution
		Debug|Any CPU = Debug|Any CPU
		Release|Any CPU = Release|Any CPU
	EndGlobalSection
	GlobalSection(ProjectConfigurationPlatforms) = postSolution
		{F3983F6B-B63D-44AE-B44E-8D2A49AE3EFC}.Debug|Any CPU.ActiveCfg = Debug|Any CPU
		{F3983F6B-B63D-44AE-B44E-8D2A49AE3EFC}.Debug|Any CPU.Build.0 = Debug|Any CPU
		{F3983F6B-B63D-44AE-B44E-8D2A49AE3EFC}.Release|Any CPU.ActiveCfg = Release|Any CPU
		{F3983F6B-B63D-44AE-B44E-8D2A49AE3EFC}.Release|Any CPU.Build.0 = Release|Any CPU
	EndGlobalSection
	GlobalSection(SolutionProperties) = preSolution
		HideSolutionNode = FALSE
	EndGlobalSection
EndGlobal
